<?xml version="1.0" encoding="utf-8"?>
<Project ToolsVersion="4.0" xmlns="http://schemas.microsoft.com/developer/msbuild/2003">
  <ItemGroup>
    <Filter Include="Source Files">
      <UniqueIdentifier>{4FC737F1-C7A5-4376-A066-2A32D752A2FF}</UniqueIdentifier>
      <Extensions>cpp;c;cc;cxx;def;odl;idl;hpj;bat;asm;asmx</Extensions>
    </Filter>
    <Filter Include="Header Files">
      <UniqueIdentifier>{93995380-89BD-4b04-88EB-625FBE52EBFB}</UniqueIdentifier>
      <Extensions>h;hpp;hxx;hm;inl;inc;xsd</Extensions>
    </Filter>
    <Filter Include="Resource Files">
      <UniqueIdentifier>{67DA6AB6-F800-4c08-8B7A-83BB121AAD01}</UniqueIdentifier>
      <Extensions>rc;ico;cur;bmp;dlg;rc2;rct;bin;rgs;gif;jpg;jpeg;jpe;resx;tiff;tif;png;wav;mfcribbon-ms</Extensions>
    </Filter>
  </ItemGroup>
  <ItemGroup>
    <None Include="ReadMe.txt" />
  </ItemGroup>
  <ItemGroup>
    <ClInclude Include="include\animation\Animation.h">
      <Filter>Header Files</Filter>
    </ClInclude>
    <ClInclude Include="include\animation\AnimationFrame.h">
      <Filter>Header Files</Filter>
    </ClInclude>
    <ClInclude Include="include\animation\AnimationFrameCollection.h">
      <Filter>Header Files</Filter>
    </ClInclude>
    <ClInclude Include="include\animation\AnimationLoader.h">
      <Filter>Header Files</Filter>
    </ClInclude>
    <ClInclude Include="include\animation\AnimationPlayer.h">
      <Filter>Header Files</Filter>
    </ClInclude>
    <ClInclude Include="include\animation\AnimationPlayerCollection.h">
      <Filter>Header Files</Filter>
    </ClInclude>
    <ClInclude Include="include\animation\AnimationPlayerMap.h">
      <Filter>Header Files</Filter>
    </ClInclude>
    <ClInclude Include="include\animation\ResourceIDAnimationMap.h">
      <Filter>Header Files</Filter>
    </ClInclude>
    <ClInclude Include="include\animation\SerializableAnimation.h">
      <Filter>Header Files</Filter>
    </ClInclude>
    <ClInclude Include="include\animation\SerializableAnimationFrame.h">
      <Filter>Header Files</Filter>
    </ClInclude>
    <ClInclude Include="include\animation\SerializableAnimationFrameCollection.h">
      <Filter>Header Files</Filter>
    </ClInclude>
    <ClInclude Include="include\animation\SerializableRawAnimationFrame.h">
      <Filter>Header Files</Filter>
    </ClInclude>
    <ClInclude Include="include\animation\SerializableRLE8AnimationFrame.h">
      <Filter>Header Files</Filter>
    </ClInclude>
    <ClInclude Include="include\animation\SerializableSimpleAnimation.h">
      <Filter>Header Files</Filter>
    </ClInclude>
    <ClInclude Include="include\animation\SimpleAnimation.h">
      <Filter>Header Files</Filter>
    </ClInclude>
    <ClInclude Include="include\animation\SimpleAnimationFrame.h">
      <Filter>Header Files</Filter>
    </ClInclude>
    <ClInclude Include="include\animation\SimpleAnimationPlayer.h">
      <Filter>Header Files</Filter>
    </ClInclude>
    <ClInclude Include="include\font\CharacterCode.h">
      <Filter>Header Files</Filter>
    </ClInclude>
    <ClInclude Include="include\font\CharacterCodeFontMap.h">
      <Filter>Header Files</Filter>
    </ClInclude>
    <ClInclude Include="include\font\FontCache.h">
      <Filter>Header Files</Filter>
    </ClInclude>
    <ClInclude Include="include\font\FontCore.h">
      <Filter>Header Files</Filter>
    </ClInclude>
    <ClInclude Include="include\font\FontCoreType.h">
      <Filter>Header Files</Filter>
    </ClInclude>
    <ClInclude Include="include\font\FontWriter.h">
      <Filter>Header Files</Filter>
    </ClInclude>
    <ClInclude Include="include\font\FreeTypeFontCache.h">
      <Filter>Header Files</Filter>
    </ClInclude>
    <ClInclude Include="include\font\FreeTypeFontCore.h">
      <Filter>Header Files</Filter>
    </ClInclude>
    <ClInclude Include="include\font\FreeTypeRenderedFont.h">
      <Filter>Header Files</Filter>
    </ClInclude>
    <ClInclude Include="include\font\FreeTypeRenderedFontCharacter.h">
      <Filter>Header Files</Filter>
    </ClInclude>
    <ClInclude Include="include\font\RenderedFont.h">
      <Filter>Header Files</Filter>
    </ClInclude>
    <ClInclude Include="include\font\RenderedFontCharacter.h">
      <Filter>Header Files</Filter>
    </ClInclude>
    <ClInclude Include="include\font\RenderedFontMap.h">
      <Filter>Header Files</Filter>
    </ClInclude>
    <ClInclude Include="include\font\SizedFontCacheMap.h">
      <Filter>Header Files</Filter>
    </ClInclude>
    <ClInclude Include="include\font\WritePosition.h">
      <Filter>Header Files</Filter>
    </ClInclude>
    <ClInclude Include="include\graphics\ClipArea.h">
      <Filter>Header Files</Filter>
    </ClInclude>
    <ClInclude Include="include\graphics\ColorMap.h">
      <Filter>Header Files</Filter>
    </ClInclude>
    <ClInclude Include="include\graphics\DrawableSurface.h">
      <Filter>Header Files</Filter>
    </ClInclude>
    <ClInclude Include="include\graphics\DrawColor.h">
      <Filter>Header Files</Filter>
    </ClInclude>
    <ClInclude Include="include\graphics\DrawPosition.h">
      <Filter>Header Files</Filter>
    </ClInclude>
    <ClInclude Include="include\graphics\GameWindow.h">
      <Filter>Header Files</Filter>
    </ClInclude>
    <ClInclude Include="include\graphics\GameWindowMode.h">
      <Filter>Header Files</Filter>
    </ClInclude>
    <ClInclude Include="include\graphics\GraphicsCore.h">
      <Filter>Header Files</Filter>
    </ClInclude>
    <ClInclude Include="include\graphics\GraphicsCoreType.h">
      <Filter>Header Files</Filter>
    </ClInclude>
    <ClInclude Include="include\graphics\GraphicSurface.h">
      <Filter>Header Files</Filter>
    </ClInclude>
    <ClInclude Include="include\graphics\RectArea.h">
      <Filter>Header Files</Filter>
    </ClInclude>
    <ClInclude Include="include\graphics\ReverseColorMap.h">
      <Filter>Header Files</Filter>
    </ClInclude>
    <ClInclude Include="include\graphics\ScreenBuffer.h">
      <Filter>Header Files</Filter>
    </ClInclude>
    <ClInclude Include="include\graphics\SDL2DrawableSurface.h">
      <Filter>Header Files</Filter>
    </ClInclude>
    <ClInclude Include="include\graphics\SDL2GameWindow.h">
      <Filter>Header Files</Filter>
    </ClInclude>
    <ClInclude Include="include\graphics\SDL2GraphicsCore.h">
      <Filter>Header Files</Filter>
    </ClInclude>
    <ClInclude Include="include\graphics\SDL2GraphicSurface.h">
      <Filter>Header Files</Filter>
    </ClInclude>
    <ClInclude Include="include\graphics\SDL2ScreenBuffer.h">
      <Filter>Header Files</Filter>
    </ClInclude>
    <ClInclude Include="include\input\InputCore.h">
      <Filter>Header Files</Filter>
    </ClInclude>
    <ClInclude Include="include\input\InputCoreType.h">
      <Filter>Header Files</Filter>
    </ClInclude>
    <ClInclude Include="include\input\InputKey.h">
      <Filter>Header Files</Filter>
    </ClInclude>
    <ClInclude Include="include\input\InputKeyState.h">
      <Filter>Header Files</Filter>
    </ClInclude>
    <ClInclude Include="include\input\InputKeyStateMap.h">
      <Filter>Header Files</Filter>
    </ClInclude>
    <ClInclude Include="include\input\InputKeyStates.h">
      <Filter>Header Files</Filter>
    </ClInclude>
    <ClInclude Include="include\input\SDL2InputCore.h">
      <Filter>Header Files</Filter>
    </ClInclude>
    <ClInclude Include="include\input\TwinInputKeyStates.h">
      <Filter>Header Files</Filter>
    </ClInclude>
    <ClInclude Include="include\logic\BorderAnimationPlayers.h">
      <Filter>Header Files</Filter>
    </ClInclude>
    <ClInclude Include="include\logic\BorderedWindow.h">
      <Filter>Header Files</Filter>
    </ClInclude>
    <ClInclude Include="include\logic\BorderResourceIDs.h">
      <Filter>Header Files</Filter>
    </ClInclude>
    <ClInclude Include="include\logic\CoreManager.h">
      <Filter>Header Files</Filter>
    </ClInclude>
    <ClInclude Include="include\logic\FocusableObject.h">
      <Filter>Header Files</Filter>
    </ClInclude>
    <ClInclude Include="include\logic\GameMemory.h">
      <Filter>Header Files</Filter>
    </ClInclude>
    <ClInclude Include="include\logic\GameObject.h">
      <Filter>Header Files</Filter>
    </ClInclude>
    <ClInclude Include="include\logic\GameObjectCollection.h">
      <Filter>Header Files</Filter>
    </ClInclude>
    <ClInclude Include="include\logic\GameObjectCollectionMap.h">
      <Filter>Header Files</Filter>
    </ClInclude>
    <ClInclude Include="include\logic\GameObjectID.h">
      <Filter>Header Files</Filter>
    </ClInclude>
    <ClInclude Include="include\logic\GameObjectManager.h">
      <Filter>Header Files</Filter>
    </ClInclude>
    <ClInclude Include="include\logic\GameScene.h">
      <Filter>Header Files</Filter>
    </ClInclude>
    <ClInclude Include="include\logic\GameStarter.h">
      <Filter>Header Files</Filter>
    </ClInclude>
    <ClInclude Include="include\logic\ListMenuItem.h">
      <Filter>Header Files</Filter>
    </ClInclude>
    <ClInclude Include="include\logic\ListMenuItemCollection.h">
      <Filter>Header Files</Filter>
    </ClInclude>
    <ClInclude Include="include\logic\ListMenuItemEventType.h">
      <Filter>Header Files</Filter>
    </ClInclude>
    <ClInclude Include="include\logic\ListMenuItemFunctor.h">
      <Filter>Header Files</Filter>
    </ClInclude>
    <ClInclude Include="include\logic\ListMenuWindowArea.h">
      <Filter>Header Files</Filter>
    </ClInclude>
    <ClInclude Include="include\logic\MenuWindowArea.h">
      <Filter>Header Files</Filter>
    </ClInclude>
    <ClInclude Include="include\logic\MessagePrintingFunctor.h">
      <Filter>Header Files</Filter>
    </ClInclude>
    <ClInclude Include="include\logic\MessagePrintingWindowArea.h">
      <Filter>Header Files</Filter>
    </ClInclude>
    <ClInclude Include="include\logic\SimpleMessagePrintingFunctor.h">
      <Filter>Header Files</Filter>
    </ClInclude>
    <ClInclude Include="include\logic\SimpleMessagePrintingWindowArea.h">
      <Filter>Header Files</Filter>
    </ClInclude>
    <ClInclude Include="include\logic\SimpleMessageQueue.h">
      <Filter>Header Files</Filter>
    </ClInclude>
    <ClInclude Include="include\logic\VerticalListMenuWindowArea.h">
      <Filter>Header Files</Filter>
    </ClInclude>
    <ClInclude Include="include\logic\Window.h">
      <Filter>Header Files</Filter>
    </ClInclude>
    <ClInclude Include="include\logic\WindowArea.h">
      <Filter>Header Files</Filter>
    </ClInclude>
    <ClInclude Include="include\resource\AnimationResourceFileLoader.h">
      <Filter>Header Files</Filter>
    </ClInclude>
    <ClInclude Include="include\resource\AnimationTypeID.h">
      <Filter>Header Files</Filter>
    </ClInclude>
    <ClInclude Include="include\resource\IndexResourceChunk.h">
      <Filter>Header Files</Filter>
    </ClInclude>
    <ClInclude Include="include\resource\IndexResourceChunkEntry.h">
      <Filter>Header Files</Filter>
    </ClInclude>
    <ClInclude Include="include\resource\LoadCountMap.h">
      <Filter>Header Files</Filter>
    </ClInclude>
    <ClInclude Include="include\resource\ResourceAddress.h">
      <Filter>Header Files</Filter>
    </ClInclude>
    <ClInclude Include="include\resource\ResourceChunk.h">
      <Filter>Header Files</Filter>
    </ClInclude>
    <ClInclude Include="include\resource\ResourceChunkHeader.h">
      <Filter>Header Files</Filter>
    </ClInclude>
    <ClInclude Include="include\resource\ResourceChunkID.h">
      <Filter>Header Files</Filter>
    </ClInclude>
    <ClInclude Include="include\resource\ResourceFileHandle.h">
      <Filter>Header Files</Filter>
    </ClInclude>
    <ClInclude Include="include\resource\ResourceFileLoader.h">
      <Filter>Header Files</Filter>
    </ClInclude>
    <ClInclude Include="include\resource\ResourceID.h">
      <Filter>Header Files</Filter>
    </ClInclude>
    <ClInclude Include="include\resource\ResourceIDIndexMap.h">
      <Filter>Header Files</Filter>
    </ClInclude>
    <ClInclude Include="include\resource\ResourceTypeID.h">
      <Filter>Header Files</Filter>
    </ClInclude>
    <ClInclude Include="include\resource\SoundResourceFileLoader.h">
      <Filter>Header Files</Filter>
    </ClInclude>
    <ClInclude Include="include\resource\SoundTypeID.h">
      <Filter>Header Files</Filter>
    </ClInclude>
    <ClInclude Include="include\sound\OVHandleCallbacks.h">
      <Filter>Header Files</Filter>
    </ClInclude>
    <ClInclude Include="include\sound\OVStdCallbacks.h">
      <Filter>Header Files</Filter>
    </ClInclude>
    <ClInclude Include="include\sound\RawSoundFile.h">
      <Filter>Header Files</Filter>
    </ClInclude>
    <ClInclude Include="include\sound\RawSoundPlayer.h">
      <Filter>Header Files</Filter>
    </ClInclude>
    <ClInclude Include="include\sound\ResourceIDSoundMap.h">
      <Filter>Header Files</Filter>
    </ClInclude>
    <ClInclude Include="include\sound\SampleFrameUnit.h">
      <Filter>Header Files</Filter>
    </ClInclude>
    <ClInclude Include="include\sound\SampleUnit.h">
      <Filter>Header Files</Filter>
    </ClInclude>
    <ClInclude Include="include\sound\SDL2SoundCore.h">
      <Filter>Header Files</Filter>
    </ClInclude>
    <ClInclude Include="include\sound\SimpleSoundMixer.h">
      <Filter>Header Files</Filter>
    </ClInclude>
    <ClInclude Include="include\sound\SimpleSoundState.h">
      <Filter>Header Files</Filter>
    </ClInclude>
    <ClInclude Include="include\sound\SoundCore.h">
      <Filter>Header Files</Filter>
    </ClInclude>
    <ClInclude Include="include\sound\SoundCoreType.h">
      <Filter>Header Files</Filter>
    </ClInclude>
    <ClInclude Include="include\sound\SoundFile.h">
      <Filter>Header Files</Filter>
    </ClInclude>
    <ClInclude Include="include\sound\SoundLoader.h">
      <Filter>Header Files</Filter>
    </ClInclude>
    <ClInclude Include="include\sound\SoundMixer.h">
      <Filter>Header Files</Filter>
    </ClInclude>
    <ClInclude Include="include\sound\SoundMixerType.h">
      <Filter>Header Files</Filter>
    </ClInclude>
    <ClInclude Include="include\sound\SoundOpener.h">
      <Filter>Header Files</Filter>
    </ClInclude>
    <ClInclude Include="include\sound\SoundPlayer.h">
      <Filter>Header Files</Filter>
    </ClInclude>
    <ClInclude Include="include\sound\SoundPlayerCollection.h">
      <Filter>Header Files</Filter>
    </ClInclude>
    <ClInclude Include="include\sound\SoundState.h">
      <Filter>Header Files</Filter>
    </ClInclude>
    <ClInclude Include="include\sound\SoundStateType.h">
      <Filter>Header Files</Filter>
    </ClInclude>
    <ClInclude Include="include\sound\vorbisfileVorbisSoundOpener.h">
      <Filter>Header Files</Filter>
    </ClInclude>
    <ClInclude Include="include\sound\VorbisSoundOpener.h">
      <Filter>Header Files</Filter>
    </ClInclude>
    <ClInclude Include="include\timing\GTick.h">
      <Filter>Header Files</Filter>
    </ClInclude>
    <ClInclude Include="include\timing\RTick.h">
      <Filter>Header Files</Filter>
    </ClInclude>
    <ClInclude Include="include\timing\SDL2TimingCore.h">
      <Filter>Header Files</Filter>
    </ClInclude>
    <ClInclude Include="include\timing\TickTiming.h">
      <Filter>Header Files</Filter>
    </ClInclude>
    <ClInclude Include="include\timing\TimingCore.h">
      <Filter>Header Files</Filter>
    </ClInclude>
    <ClInclude Include="include\timing\TimingCoreType.h">
      <Filter>Header Files</Filter>
    </ClInclude>
    <ClInclude Include="include\util\ByteConversion.h">
      <Filter>Header Files</Filter>
    </ClInclude>
    <ClInclude Include="include\util\ByteSizes.h">
      <Filter>Header Files</Filter>
    </ClInclude>
    <ClInclude Include="include\util\CoordinatePair.h">
      <Filter>Header Files</Filter>
    </ClInclude>
    <ClInclude Include="include\util\DumbPointer.h">
      <Filter>Header Files</Filter>
    </ClInclude>
    <ClInclude Include="include\util\EndiannessType.h">
      <Filter>Header Files</Filter>
    </ClInclude>
    <ClInclude Include="include\util\GenericException.h">
      <Filter>Header Files</Filter>
    </ClInclude>
    <ClInclude Include="include\util\MiscMath.h">
      <Filter>Header Files</Filter>
    </ClInclude>
    <ClInclude Include="include\util\RLE8Command.h">
      <Filter>Header Files</Filter>
    </ClInclude>
    <ClInclude Include="include\util\RLE8CommandCollection.h">
      <Filter>Header Files</Filter>
    </ClInclude>
    <ClInclude Include="include\util\RLE8CommandType.h">
      <Filter>Header Files</Filter>
    </ClInclude>
    <ClInclude Include="include\util\RLE8Compressor.h">
      <Filter>Header Files</Filter>
    </ClInclude>
    <ClInclude Include="include\util\RLE8ValueCollection.h">
      <Filter>Header Files</Filter>
    </ClInclude>
    <ClInclude Include="include\util\SignednessType.h">
      <Filter>Header Files</Filter>
    </ClInclude>
    <ClInclude Include="include\util\StringConversion.h">
      <Filter>Header Files</Filter>
    </ClInclude>
  </ItemGroup>
  <ItemGroup>
    <ClCompile Include="src\animation\Animation.cpp">
      <Filter>Source Files</Filter>
    </ClCompile>
    <ClCompile Include="src\animation\AnimationFrame.cpp">
      <Filter>Source Files</Filter>
    </ClCompile>
    <ClCompile Include="src\animation\AnimationFrameCollection.cpp">
      <Filter>Source Files</Filter>
    </ClCompile>
    <ClCompile Include="src\animation\AnimationLoader.cpp">
      <Filter>Source Files</Filter>
    </ClCompile>
    <ClCompile Include="src\animation\AnimationPlayer.cpp">
      <Filter>Source Files</Filter>
    </ClCompile>
    <ClCompile Include="src\animation\AnimationPlayerCollection.cpp">
      <Filter>Source Files</Filter>
    </ClCompile>
    <ClCompile Include="src\animation\AnimationPlayerMap.cpp">
      <Filter>Source Files</Filter>
    </ClCompile>
    <ClCompile Include="src\animation\ResourceIDAnimationMap.cpp">
      <Filter>Source Files</Filter>
    </ClCompile>
    <ClCompile Include="src\animation\SerializableAnimation.cpp">
      <Filter>Source Files</Filter>
    </ClCompile>
    <ClCompile Include="src\animation\SerializableAnimationFrame.cpp">
      <Filter>Source Files</Filter>
    </ClCompile>
    <ClCompile Include="src\animation\SerializableAnimationFrameCollection.cpp">
      <Filter>Source Files</Filter>
    </ClCompile>
    <ClCompile Include="src\animation\SerializableRawAnimationFrame.cpp">
      <Filter>Source Files</Filter>
    </ClCompile>
    <ClCompile Include="src\animation\SerializableRLE8AnimationFrame.cpp">
      <Filter>Source Files</Filter>
    </ClCompile>
    <ClCompile Include="src\animation\SerializableSimpleAnimation.cpp">
      <Filter>Source Files</Filter>
    </ClCompile>
    <ClCompile Include="src\animation\SimpleAnimation.cpp">
      <Filter>Source Files</Filter>
    </ClCompile>
    <ClCompile Include="src\animation\SimpleAnimationFrame.cpp">
      <Filter>Source Files</Filter>
    </ClCompile>
    <ClCompile Include="src\animation\SimpleAnimationPlayer.cpp">
      <Filter>Source Files</Filter>
    </ClCompile>
    <ClCompile Include="src\font\CharacterCode.cpp">
      <Filter>Source Files</Filter>
    </ClCompile>
    <ClCompile Include="src\font\CharacterCodeFontMap.cpp">
      <Filter>Source Files</Filter>
    </ClCompile>
    <ClCompile Include="src\font\FontCache.cpp">
      <Filter>Source Files</Filter>
    </ClCompile>
    <ClCompile Include="src\font\FontCore.cpp">
      <Filter>Source Files</Filter>
    </ClCompile>
    <ClCompile Include="src\font\FontCoreType.cpp">
      <Filter>Source Files</Filter>
    </ClCompile>
    <ClCompile Include="src\font\FontWriter.cpp">
      <Filter>Source Files</Filter>
    </ClCompile>
    <ClCompile Include="src\font\FreeTypeFontCache.cpp">
      <Filter>Source Files</Filter>
    </ClCompile>
    <ClCompile Include="src\font\FreeTypeFontCore.cpp">
      <Filter>Source Files</Filter>
    </ClCompile>
    <ClCompile Include="src\font\FreeTypeRenderedFont.cpp">
      <Filter>Source Files</Filter>
    </ClCompile>
    <ClCompile Include="src\font\FreeTypeRenderedFontCharacter.cpp">
      <Filter>Source Files</Filter>
    </ClCompile>
    <ClCompile Include="src\font\RenderedFont.cpp">
      <Filter>Source Files</Filter>
    </ClCompile>
    <ClCompile Include="src\font\RenderedFontCharacter.cpp">
      <Filter>Source Files</Filter>
    </ClCompile>
    <ClCompile Include="src\font\RenderedFontMap.cpp">
      <Filter>Source Files</Filter>
    </ClCompile>
    <ClCompile Include="src\font\SizedFontCacheMap.cpp">
      <Filter>Source Files</Filter>
    </ClCompile>
    <ClCompile Include="src\font\WritePosition.cpp">
      <Filter>Source Files</Filter>
    </ClCompile>
    <ClCompile Include="src\graphics\ClipArea.cpp">
      <Filter>Source Files</Filter>
    </ClCompile>
    <ClCompile Include="src\graphics\ColorMap.cpp">
      <Filter>Source Files</Filter>
    </ClCompile>
    <ClCompile Include="src\graphics\DrawableSurface.cpp">
      <Filter>Source Files</Filter>
    </ClCompile>
    <ClCompile Include="src\graphics\DrawColor.cpp">
      <Filter>Source Files</Filter>
    </ClCompile>
    <ClCompile Include="src\graphics\DrawPosition.cpp">
      <Filter>Source Files</Filter>
    </ClCompile>
    <ClCompile Include="src\graphics\GameWindow.cpp">
      <Filter>Source Files</Filter>
    </ClCompile>
    <ClCompile Include="src\graphics\GameWindowMode.cpp">
      <Filter>Source Files</Filter>
    </ClCompile>
    <ClCompile Include="src\graphics\GraphicsCore.cpp">
      <Filter>Source Files</Filter>
    </ClCompile>
    <ClCompile Include="src\graphics\GraphicsCoreType.cpp">
      <Filter>Source Files</Filter>
    </ClCompile>
    <ClCompile Include="src\graphics\GraphicSurface.cpp">
      <Filter>Source Files</Filter>
    </ClCompile>
    <ClCompile Include="src\graphics\RectArea.cpp">
      <Filter>Source Files</Filter>
    </ClCompile>
    <ClCompile Include="src\graphics\ReverseColorMap.cpp">
      <Filter>Source Files</Filter>
    </ClCompile>
    <ClCompile Include="src\graphics\ScreenBuffer.cpp">
      <Filter>Source Files</Filter>
    </ClCompile>
    <ClCompile Include="src\graphics\SDL2DrawableSurface.cpp">
      <Filter>Source Files</Filter>
    </ClCompile>
    <ClCompile Include="src\graphics\SDL2GameWindow.cpp">
      <Filter>Source Files</Filter>
    </ClCompile>
    <ClCompile Include="src\graphics\SDL2GraphicsCore.cpp">
      <Filter>Source Files</Filter>
    </ClCompile>
    <ClCompile Include="src\graphics\SDL2GraphicSurface.cpp">
      <Filter>Source Files</Filter>
    </ClCompile>
    <ClCompile Include="src\graphics\SDL2ScreenBuffer.cpp">
      <Filter>Source Files</Filter>
    </ClCompile>
    <ClCompile Include="src\input\InputCore.cpp">
      <Filter>Source Files</Filter>
    </ClCompile>
    <ClCompile Include="src\input\InputCoreType.cpp">
      <Filter>Source Files</Filter>
    </ClCompile>
    <ClCompile Include="src\input\InputKey.cpp">
      <Filter>Source Files</Filter>
    </ClCompile>
    <ClCompile Include="src\input\InputKeyState.cpp">
      <Filter>Source Files</Filter>
    </ClCompile>
    <ClCompile Include="src\input\InputKeyStateMap.cpp">
      <Filter>Source Files</Filter>
    </ClCompile>
    <ClCompile Include="src\input\InputKeyStates.cpp">
      <Filter>Source Files</Filter>
    </ClCompile>
    <ClCompile Include="src\input\SDL2InputCore.cpp">
      <Filter>Source Files</Filter>
    </ClCompile>
    <ClCompile Include="src\input\TwinInputKeyStates.cpp">
      <Filter>Source Files</Filter>
    </ClCompile>
    <ClCompile Include="src\logic\BorderAnimationPlayers.cpp">
      <Filter>Source Files</Filter>
    </ClCompile>
    <ClCompile Include="src\logic\BorderedWindow.cpp">
      <Filter>Source Files</Filter>
    </ClCompile>
    <ClCompile Include="src\logic\BorderResourceIDs.cpp">
      <Filter>Source Files</Filter>
    </ClCompile>
    <ClCompile Include="src\logic\CoreManager.cpp">
      <Filter>Source Files</Filter>
    </ClCompile>
    <ClCompile Include="src\logic\FocusableObject.cpp">
      <Filter>Source Files</Filter>
    </ClCompile>
    <ClCompile Include="src\logic\GameMemory.cpp">
      <Filter>Source Files</Filter>
    </ClCompile>
    <ClCompile Include="src\logic\GameObject.cpp">
      <Filter>Source Files</Filter>
    </ClCompile>
    <ClCompile Include="src\logic\GameObjectCollection.cpp">
      <Filter>Source Files</Filter>
    </ClCompile>
    <ClCompile Include="src\logic\GameObjectCollectionMap.cpp">
      <Filter>Source Files</Filter>
    </ClCompile>
    <ClCompile Include="src\logic\GameObjectID.cpp">
      <Filter>Source Files</Filter>
    </ClCompile>
    <ClCompile Include="src\logic\GameObjectManager.cpp">
      <Filter>Source Files</Filter>
    </ClCompile>
    <ClCompile Include="src\logic\GameScene.cpp">
      <Filter>Source Files</Filter>
    </ClCompile>
    <ClCompile Include="src\logic\GameStarter.cpp">
      <Filter>Source Files</Filter>
    </ClCompile>
    <ClCompile Include="src\logic\ListMenuItem.cpp">
      <Filter>Source Files</Filter>
    </ClCompile>
    <ClCompile Include="src\logic\ListMenuItemCollection.cpp">
      <Filter>Source Files</Filter>
    </ClCompile>
    <ClCompile Include="src\logic\ListMenuItemEventType.cpp">
      <Filter>Source Files</Filter>
    </ClCompile>
    <ClCompile Include="src\logic\ListMenuItemFunctor.cpp">
      <Filter>Source Files</Filter>
    </ClCompile>
    <ClCompile Include="src\logic\ListMenuWindowArea.cpp">
      <Filter>Source Files</Filter>
    </ClCompile>
    <ClCompile Include="src\logic\MenuWindowArea.cpp">
      <Filter>Source Files</Filter>
    </ClCompile>
    <ClCompile Include="src\logic\MessagePrintingFunctor.cpp">
      <Filter>Source Files</Filter>
    </ClCompile>
    <ClCompile Include="src\logic\MessagePrintingWindowArea.cpp">
      <Filter>Source Files</Filter>
    </ClCompile>
    <ClCompile Include="src\logic\SimpleMessagePrintingFunctor.cpp">
      <Filter>Source Files</Filter>
    </ClCompile>
    <ClCompile Include="src\logic\SimpleMessagePrintingWindowArea.cpp">
      <Filter>Source Files</Filter>
    </ClCompile>
    <ClCompile Include="src\logic\SimpleMessageQueue.cpp">
      <Filter>Source Files</Filter>
    </ClCompile>
    <ClCompile Include="src\logic\VerticalListMenuWindowArea.cpp">
      <Filter>Source Files</Filter>
    </ClCompile>
    <ClCompile Include="src\logic\Window.cpp">
      <Filter>Source Files</Filter>
    </ClCompile>
    <ClCompile Include="src\logic\WindowArea.cpp">
      <Filter>Source Files</Filter>
    </ClCompile>
    <ClCompile Include="src\resource\AnimationResourceFileLoader.cpp">
      <Filter>Source Files</Filter>
    </ClCompile>
    <ClCompile Include="src\resource\AnimationTypeID.cpp">
      <Filter>Source Files</Filter>
    </ClCompile>
    <ClCompile Include="src\resource\IndexResourceChunk.cpp">
      <Filter>Source Files</Filter>
    </ClCompile>
    <ClCompile Include="src\resource\IndexResourceChunkEntry.cpp">
      <Filter>Source Files</Filter>
    </ClCompile>
    <ClCompile Include="src\resource\LoadCountMap.cpp">
      <Filter>Source Files</Filter>
    </ClCompile>
    <ClCompile Include="src\resource\ResourceAddress.cpp">
      <Filter>Source Files</Filter>
    </ClCompile>
    <ClCompile Include="src\resource\ResourceChunk.cpp">
      <Filter>Source Files</Filter>
    </ClCompile>
    <ClCompile Include="src\resource\ResourceChunkHeader.cpp">
      <Filter>Source Files</Filter>
    </ClCompile>
    <ClCompile Include="src\resource\ResourceChunkID.cpp">
      <Filter>Source Files</Filter>
    </ClCompile>
    <ClCompile Include="src\resource\ResourceFileHandle.cpp">
      <Filter>Source Files</Filter>
    </ClCompile>
    <ClCompile Include="src\resource\ResourceFileLoader.cpp">
      <Filter>Source Files</Filter>
    </ClCompile>
    <ClCompile Include="src\resource\ResourceID.cpp">
      <Filter>Source Files</Filter>
    </ClCompile>
    <ClCompile Include="src\resource\ResourceIDIndexMap.cpp">
      <Filter>Source Files</Filter>
    </ClCompile>
    <ClCompile Include="src\resource\ResourceTypeID.cpp">
      <Filter>Source Files</Filter>
    </ClCompile>
    <ClCompile Include="src\resource\SoundResourceFileLoader.cpp">
      <Filter>Source Files</Filter>
    </ClCompile>
    <ClCompile Include="src\resource\SoundTypeID.cpp">
      <Filter>Source Files</Filter>
    </ClCompile>
    <ClCompile Include="src\sound\OVHandleCallbacks.cpp">
      <Filter>Source Files</Filter>
    </ClCompile>
    <ClCompile Include="src\sound\OVStdCallbacks.cpp">
      <Filter>Source Files</Filter>
    </ClCompile>
    <ClCompile Include="src\sound\RawSoundFile.cpp">
      <Filter>Source Files</Filter>
    </ClCompile>
    <ClCompile Include="src\sound\RawSoundPlayer.cpp">
      <Filter>Source Files</Filter>
    </ClCompile>
    <ClCompile Include="src\sound\ResourceIDSoundMap.cpp">
      <Filter>Source Files</Filter>
    </ClCompile>
    <ClCompile Include="src\sound\SampleFrameUnit.cpp">
      <Filter>Source Files</Filter>
    </ClCompile>
    <ClCompile Include="src\sound\SampleUnit.cpp">
      <Filter>Source Files</Filter>
    </ClCompile>
    <ClCompile Include="src\sound\SDL2SoundCore.cpp">
      <Filter>Source Files</Filter>
    </ClCompile>
    <ClCompile Include="src\sound\SimpleSoundMixer.cpp">
      <Filter>Source Files</Filter>
    </ClCompile>
    <ClCompile Include="src\sound\SimpleSoundState.cpp">
      <Filter>Source Files</Filter>
    </ClCompile>
    <ClCompile Include="src\sound\SoundCore.cpp">
      <Filter>Source Files</Filter>
    </ClCompile>
    <ClCompile Include="src\sound\SoundCoreType.cpp">
      <Filter>Source Files</Filter>
    </ClCompile>
    <ClCompile Include="src\sound\SoundFile.cpp">
      <Filter>Source Files</Filter>
    </ClCompile>
    <ClCompile Include="src\sound\SoundLoader.cpp">
      <Filter>Source Files</Filter>
    </ClCompile>
    <ClCompile Include="src\sound\SoundMixer.cpp">
      <Filter>Source Files</Filter>
    </ClCompile>
    <ClCompile Include="src\sound\SoundMixerType.cpp">
      <Filter>Source Files</Filter>
    </ClCompile>
    <ClCompile Include="src\sound\SoundOpener.cpp">
      <Filter>Source Files</Filter>
    </ClCompile>
    <ClCompile Include="src\sound\SoundPlayer.cpp">
      <Filter>Source Files</Filter>
    </ClCompile>
    <ClCompile Include="src\sound\SoundPlayerCollection.cpp">
      <Filter>Source Files</Filter>
    </ClCompile>
    <ClCompile Include="src\sound\SoundState.cpp">
      <Filter>Source Files</Filter>
    </ClCompile>
    <ClCompile Include="src\sound\SoundStateType.cpp">
      <Filter>Source Files</Filter>
    </ClCompile>
    <ClCompile Include="src\sound\vorbisfileVorbisSoundOpener.cpp">
      <Filter>Source Files</Filter>
    </ClCompile>
    <ClCompile Include="src\sound\VorbisSoundOpener.cpp">
      <Filter>Source Files</Filter>
    </ClCompile>
    <ClCompile Include="src\timing\GTick.cpp">
      <Filter>Source Files</Filter>
    </ClCompile>
    <ClCompile Include="src\timing\RTick.cpp">
      <Filter>Source Files</Filter>
    </ClCompile>
    <ClCompile Include="src\timing\SDL2TimingCore.cpp">
      <Filter>Source Files</Filter>
    </ClCompile>
    <ClCompile Include="src\timing\TickTiming.cpp">
      <Filter>Source Files</Filter>
    </ClCompile>
    <ClCompile Include="src\timing\TimingCore.cpp">
      <Filter>Source Files</Filter>
    </ClCompile>
    <ClCompile Include="src\timing\TimingCoreType.cpp">
      <Filter>Source Files</Filter>
    </ClCompile>
    <ClCompile Include="src\util\ByteConversion.cpp">
      <Filter>Source Files</Filter>
    </ClCompile>
    <ClCompile Include="src\util\ByteSizes.cpp">
      <Filter>Source Files</Filter>
    </ClCompile>
    <ClCompile Include="src\util\CoordinatePair.cpp">
      <Filter>Source Files</Filter>
    </ClCompile>
    <ClCompile Include="src\util\DumbPointer.cpp">
      <Filter>Source Files</Filter>
    </ClCompile>
    <ClCompile Include="src\util\EndiannessType.cpp">
      <Filter>Source Files</Filter>
    </ClCompile>
    <ClCompile Include="src\util\GenericException.cpp">
      <Filter>Source Files</Filter>
    </ClCompile>
    <ClCompile Include="src\util\MiscMath.cpp">
      <Filter>Source Files</Filter>
    </ClCompile>
    <ClCompile Include="src\util\RLE8Command.cpp">
      <Filter>Source Files</Filter>
    </ClCompile>
    <ClCompile Include="src\util\RLE8CommandCollection.cpp">
      <Filter>Source Files</Filter>
    </ClCompile>
    <ClCompile Include="src\util\RLE8CommandType.cpp">
      <Filter>Source Files</Filter>
    </ClCompile>
    <ClCompile Include="src\util\RLE8Compressor.cpp">
      <Filter>Source Files</Filter>
    </ClCompile>
    <ClCompile Include="src\util\RLE8ValueCollection.cpp">
      <Filter>Source Files</Filter>
    </ClCompile>
    <ClCompile Include="src\util\SignednessType.cpp">
      <Filter>Source Files</Filter>
    </ClCompile>
    <ClCompile Include="src\util\StringConversion.cpp">
      <Filter>Source Files</Filter>
    </ClCompile>
  </ItemGroup>
  <ItemGroup>
    <Library Include="lib\freetype263.lib" />
    <Library Include="lib\libvorbisfile_static.lib" />
    <Library Include="lib\libogg_static.lib" />
    <Library Include="lib\libvorbis_static.lib" />
    <Library Include="lib\SDL2.lib" />
    <Library Include="lib\SDL2main.lib" />
  </ItemGroup>
</Project>